{
  "version": 4,
  "terraform_version": "1.8.0",
  "serial": 1,
  "lineage": "dc40b6c7-e369-29fc-0ba7-1d990aa6aeb8",
  "outputs": {},
  "resources": [
    {
      "mode": "managed",
      "type": "local_file",
      "name": "devops_config",
      "provider": "provider[\"registry.terraform.io/hashicorp/local\"]",
      "instances": [
        {
          "schema_version": 0,
          "attributes": {
            "content": "Terraform is managing this content.",
            "content_base64": null,
            "content_base64sha256": "T4FhI+V/FdvYw8wPi2d4MhB72AEaYb0XmHc61eBcfz0=",
            "content_base64sha512": "r9hS10dmm1/FRRSJWFwiVjo1pLfm7mkZ0DPh8wlVMIyRoWIvrYkUqZPcaVAqunMCPzYmmIEdZZQ0CaS6FYAFkA==",
            "content_md5": "ab99aa57f31383723f2f624927660d1a",
            "content_sha1": "1fc4b3209e7925af2f95531dddb2bdfa677b26a9",
            "content_sha256": "4f816123e57f15dbd8c3cc0f8b677832107bd8011a61bd1798773ad5e05c7f3d",
            "content_sha512": "afd852d747669b5fc5451489585c22563a35a4b7e6ee6919d033e1f30955308c91a1622fad8914a993dc69502aba73023f362698811d65943409a4ba15800590",
            "directory_permission": "0777",
            "file_permission": "0600",
            "filename": "./devops.txt",
            "id": "1fc4b3209e7925af2f95531dddb2bdfa677b26a9",
            "sensitive_content": null,
            "source": null
          },
          "sensitive_attributes": [
            [
              {
                "type": "get_attr",
                "value": "sensitive_content"
              }
            ]
          ]
        }
      ]
    }
  ],
  "check_results": null
}
